
Microsoft Visual Studio Solution File, Format Version 12.00
# Visual Studio 15
VisualStudioVersion = 15.0.27130.2024
MinimumVisualStudioVersion = 10.0.40219.1
Project("{FAE04EC0-301F-11D3-BF4B-00C04F79EFBC}") = "snkrshop", "snkrshop\snkrshop.csproj", "{B35E8F43-F27C-4E47-90C8-CD13D7A2A125}"
EndProject
Global
	GlobalSection(SolutionConfigurationPlatforms) = preSolution
		Debug|Any CPU = Debug|Any CPU
		Release|Any CPU = Release|Any CPU
	EndGlobalSection
	GlobalSection(ProjectConfigurationPlatforms) = postSolution
		{B35E8F43-F27C-4E47-90C8-CD13D7A2A125}.Debug|Any CPU.ActiveCfg = Debug|Any CPU
		{B35E8F43-F27C-4E47-90C8-CD13D7A2A125}.Debug|Any CPU.Build.0 = Debug|Any CPU
		{B35E8F43-F27C-4E47-90C8-CD13D7A2A125}.Release|Any CPU.ActiveCfg = Release|Any CPU
		{B35E8F43-F27C-4E47-90C8-CD13D7A2A125}.Release|Any CPU.Build.0 = Release|Any CPU
	EndGlobalSection
	GlobalSection(SolutionProperties) = preSolution
		HideSolutionNode = FALSE
	EndGlobalSection
	GlobalSection(ExtensibilityGlobals) = postSolution
		SolutionGuid = {38B1F508-659A-43BC-9E07-A1CEAE0AAD7F}
	EndGlobalSection
EndGlobal
